
Microsoft Visual Studio Solution File, Format Version 12.00
# Visual Studio Version 17
VisualStudioVersion = 17.6.33815.320
MinimumVisualStudioVersion = 10.0.40219.1
Project("{FAE04EC0-301F-11D3-BF4B-00C04F79EFBC}") = "startupproject", "startupproject\startupproject.csproj", "{DD14B687-8E96-4138-883B-93DB9E40AFFA}"
EndProject
Global
	GlobalSection(SolutionConfigurationPlatforms) = preSolution
		Debug|Any CPU = Debug|Any CPU
		Release|Any CPU = Release|Any CPU
	EndGlobalSection
	GlobalSection(ProjectConfigurationPlatforms) = postSolution
		{DD14B687-8E96-4138-883B-93DB9E40AFFA}.Debug|Any CPU.ActiveCfg = Debug|Any CPU
		{DD14B687-8E96-4138-883B-93DB9E40AFFA}.Debug|Any CPU.Build.0 = Debug|Any CPU
		{DD14B687-8E96-4138-883B-93DB9E40AFFA}.Release|Any CPU.ActiveCfg = Release|Any CPU
		{DD14B687-8E96-4138-883B-93DB9E40AFFA}.Release|Any CPU.Build.0 = Release|Any CPU
	EndGlobalSection
	GlobalSection(SolutionProperties) = preSolution
		HideSolutionNode = FALSE
	EndGlobalSection
	GlobalSection(ExtensibilityGlobals) = postSolution
		SolutionGuid = {635DF859-6FAC-4901-B9B2-9D0F7021A15E}
	EndGlobalSection
EndGlobal
